
Microsoft Visual Studio Solution File, Format Version 12.00
# Visual Studio Version 17
VisualStudioVersion = 17.0.31903.59
MinimumVisualStudioVersion = 10.0.40219.1
Project("{FAE04EC0-301F-11D3-BF4B-00C04F79EFBC}") = "Test", "test\Test.csproj", "{356DFAB9-2083-4D64-91F8-DC2CF145C5AF}"
EndProject
Project("{FAE04EC0-301F-11D3-BF4B-00C04F79EFBC}") = "Integration.Test", "integration\Integration.Test.csproj", "{543CA4DD-719E-4A73-A1D3-1FA42538A81A}"
EndProject
Project("{FAE04EC0-301F-11D3-BF4B-00C04F79EFBC}") = "App", "app\App.csproj", "{00CF6E5B-FAF6-4FCD-94CE-3810F84FC677}"
EndProject
Global
	GlobalSection(SolutionConfigurationPlatforms) = preSolution
		Debug|Any CPU = Debug|Any CPU
		Release|Any CPU = Release|Any CPU
	EndGlobalSection
	GlobalSection(SolutionProperties) = preSolution
		HideSolutionNode = FALSE
	EndGlobalSection
	GlobalSection(ProjectConfigurationPlatforms) = postSolution
		{356DFAB9-2083-4D64-91F8-DC2CF145C5AF}.Debug|Any CPU.ActiveCfg = Debug|Any CPU
		{356DFAB9-2083-4D64-91F8-DC2CF145C5AF}.Debug|Any CPU.Build.0 = Debug|Any CPU
		{356DFAB9-2083-4D64-91F8-DC2CF145C5AF}.Release|Any CPU.ActiveCfg = Release|Any CPU
		{356DFAB9-2083-4D64-91F8-DC2CF145C5AF}.Release|Any CPU.Build.0 = Release|Any CPU
		{543CA4DD-719E-4A73-A1D3-1FA42538A81A}.Debug|Any CPU.ActiveCfg = Debug|Any CPU
		{543CA4DD-719E-4A73-A1D3-1FA42538A81A}.Debug|Any CPU.Build.0 = Debug|Any CPU
		{543CA4DD-719E-4A73-A1D3-1FA42538A81A}.Release|Any CPU.ActiveCfg = Release|Any CPU
		{543CA4DD-719E-4A73-A1D3-1FA42538A81A}.Release|Any CPU.Build.0 = Release|Any CPU
		{00CF6E5B-FAF6-4FCD-94CE-3810F84FC677}.Debug|Any CPU.ActiveCfg = Debug|Any CPU
		{00CF6E5B-FAF6-4FCD-94CE-3810F84FC677}.Debug|Any CPU.Build.0 = Debug|Any CPU
		{00CF6E5B-FAF6-4FCD-94CE-3810F84FC677}.Release|Any CPU.ActiveCfg = Release|Any CPU
		{00CF6E5B-FAF6-4FCD-94CE-3810F84FC677}.Release|Any CPU.Build.0 = Release|Any CPU
	EndGlobalSection
EndGlobal
