
Microsoft Visual Studio Solution File, Format Version 12.00
# Visual Studio Version 17
VisualStudioVersion = 17.0.31903.59
MinimumVisualStudioVersion = 10.0.40219.1
Project("{2150E333-8FDC-42A3-9474-1A3956D46DE8}") = "FileIt.Common", "FileIt.Common", "{CAE9A5D1-F592-483D-BE20-653B39967D5D}"
EndProject
Project("{FAE04EC0-301F-11D3-BF4B-00C04F79EFBC}") = "FileIt_Common", "FileIt.Common\FileIt.Common\FileIt_Common.csproj", "{B03D1478-686F-4DF2-BACA-CE8F8D32B467}"
EndProject
Project("{FAE04EC0-301F-11D3-BF4B-00C04F79EFBC}") = "FileIt.Common.App", "FileIt.Common\FileIt.Common.App\FileIt.Common.App.csproj", "{EBA45633-B46C-47BB-AA98-6A525329F982}"
EndProject
Project("{FAE04EC0-301F-11D3-BF4B-00C04F79EFBC}") = "FileIt.Common.Test", "FileIt.Common\FileIt.Common.Test\FileIt.Common.Test.csproj", "{6C8E9118-F7AC-4E77-A934-9F675FC341F2}"
EndProject
Project("{FAE04EC0-301F-11D3-BF4B-00C04F79EFBC}") = "FileIt.Common.Integration", "FileIt.Common\FileIt.Common.Integration\FileIt.Common.Integration.csproj", "{A32CD7A6-033B-4A3B-96B3-9ACA18AA698C}"
EndProject
Project("{2150E333-8FDC-42A3-9474-1A3956D46DE8}") = "FileIt.Domain", "FileIt.Domain", "{1488BA51-37E6-4BAB-8913-68DF3C325781}"
EndProject
Project("{FAE04EC0-301F-11D3-BF4B-00C04F79EFBC}") = "FileIt.Domain", "FileIt.Domain\FileIt.Domain\FileIt.Domain.csproj", "{87147206-DE4C-4F2F-AF65-2A126A9B5A4E}"
EndProject
Project("{FAE04EC0-301F-11D3-BF4B-00C04F79EFBC}") = "FileIt.Domain.Test", "FileIt.Domain\FileIt.Domain.Test\FileIt.Domain.Test.csproj", "{F3CB63EF-298B-4AB6-B3AB-4E31F9EF5FB2}"
EndProject
Project("{2150E333-8FDC-42A3-9474-1A3956D46DE8}") = "FileIt.Infrastructure", "FileIt.Infrastructure", "{F0BC149B-2547-42D3-8466-2F505ABBDCE0}"
EndProject
Project("{FAE04EC0-301F-11D3-BF4B-00C04F79EFBC}") = "FileIt.Infrastructure", "FileIt.Infrastructure\FileIt.Infrastructure\FileIt.Infrastructure.csproj", "{87646E17-6ADA-4E35-A3BC-2F1DABCC96ED}"
EndProject
Project("{FAE04EC0-301F-11D3-BF4B-00C04F79EFBC}") = "FileIt.Infrastructure.Test", "FileIt.Infrastructure\FileIt.Infrastructure.Test\FileIt.Infrastructure.Test.csproj", "{6AEFB8B8-2161-4834-9268-C054BC666429}"
EndProject
Project("{FAE04EC0-301F-11D3-BF4B-00C04F79EFBC}") = "FileIt.Infrastructure.Integration", "FileIt.Infrastructure\FileIt.Infrastructure.Integration\FileIt.Infrastructure.Integration.csproj", "{C9827A90-4980-49C7-8EB9-6019A452D9F5}"
EndProject
Project("{2150E333-8FDC-42A3-9474-1A3956D46DE8}") = "FileIt.SimpleFlow", "FileIt.SimpleFlow", "{C95EAA6E-912C-48C9-ABF5-71212D90038E}"
EndProject
Project("{FAE04EC0-301F-11D3-BF4B-00C04F79EFBC}") = "FileIt_SimpleFlow", "FileIt.SimpleFlow\FileIt.SimpleFlow\FileIt_SimpleFlow.csproj", "{0279C19D-41C0-41DB-B560-F8C50B21CFAA}"
EndProject
Project("{FAE04EC0-301F-11D3-BF4B-00C04F79EFBC}") = "FileIt.SimpleFlow.App", "FileIt.SimpleFlow\FileIt.SimpleFlow.App\FileIt.SimpleFlow.App.csproj", "{B1B98EA0-4BB6-42AE-89FA-1C789E3734D3}"
EndProject
Project("{FAE04EC0-301F-11D3-BF4B-00C04F79EFBC}") = "FileIt.SimpleFlow.Test", "FileIt.SimpleFlow\FileIt.SimpleFlow.Test\FileIt.SimpleFlow.Test.csproj", "{87E3219C-87EC-48F8-83B7-0F44FCC1F403}"
EndProject
Project("{FAE04EC0-301F-11D3-BF4B-00C04F79EFBC}") = "FileIt.SimpleFlow.Integration", "FileIt.SimpleFlow\FileIt.SimpleFlow.Integration\FileIt.SimpleFlow.Integration.csproj", "{A8EE9266-72F4-4930-9B74-A115115BBD21}"
EndProject
Project("{2150E333-8FDC-42A3-9474-1A3956D46DE8}") = "FileIt.DataIngestFlow", "FileIt.DataIngestFlow", "{5CD96305-E6A6-47E5-B48F-B4B62025B78B}"
EndProject
Project("{FAE04EC0-301F-11D3-BF4B-00C04F79EFBC}") = "FileIt_DataIngestFlow", "FileIt.DataIngestFlow\FileIt.DataIngestFlow\FileIt_DataIngestFlow.csproj", "{66C5E312-AE8B-4277-9BC0-B55B864537C1}"
EndProject
Project("{FAE04EC0-301F-11D3-BF4B-00C04F79EFBC}") = "FileIt.DataIngestFlow.Test", "FileIt.DataIngestFlow\FileIt.DataIngestFlow.Test\FileIt.DataIngestFlow.Test.csproj", "{1BE5AF79-D9FD-4901-AFBB-04137899A7E7}"
EndProject
Global
	GlobalSection(SolutionConfigurationPlatforms) = preSolution
		Debug|Any CPU = Debug|Any CPU
		Release|Any CPU = Release|Any CPU
	EndGlobalSection
	GlobalSection(SolutionProperties) = preSolution
		HideSolutionNode = FALSE
	EndGlobalSection
	GlobalSection(ProjectConfigurationPlatforms) = postSolution
		{B03D1478-686F-4DF2-BACA-CE8F8D32B467}.Debug|Any CPU.ActiveCfg = Debug|Any CPU
		{B03D1478-686F-4DF2-BACA-CE8F8D32B467}.Debug|Any CPU.Build.0 = Debug|Any CPU
		{B03D1478-686F-4DF2-BACA-CE8F8D32B467}.Release|Any CPU.ActiveCfg = Release|Any CPU
		{B03D1478-686F-4DF2-BACA-CE8F8D32B467}.Release|Any CPU.Build.0 = Release|Any CPU
		{EBA45633-B46C-47BB-AA98-6A525329F982}.Debug|Any CPU.ActiveCfg = Debug|Any CPU
		{EBA45633-B46C-47BB-AA98-6A525329F982}.Debug|Any CPU.Build.0 = Debug|Any CPU
		{EBA45633-B46C-47BB-AA98-6A525329F982}.Release|Any CPU.ActiveCfg = Release|Any CPU
		{EBA45633-B46C-47BB-AA98-6A525329F982}.Release|Any CPU.Build.0 = Release|Any CPU
		{6C8E9118-F7AC-4E77-A934-9F675FC341F2}.Debug|Any CPU.ActiveCfg = Debug|Any CPU
		{6C8E9118-F7AC-4E77-A934-9F675FC341F2}.Debug|Any CPU.Build.0 = Debug|Any CPU
		{6C8E9118-F7AC-4E77-A934-9F675FC341F2}.Release|Any CPU.ActiveCfg = Release|Any CPU
		{6C8E9118-F7AC-4E77-A934-9F675FC341F2}.Release|Any CPU.Build.0 = Release|Any CPU
		{A32CD7A6-033B-4A3B-96B3-9ACA18AA698C}.Debug|Any CPU.ActiveCfg = Debug|Any CPU
		{A32CD7A6-033B-4A3B-96B3-9ACA18AA698C}.Debug|Any CPU.Build.0 = Debug|Any CPU
		{A32CD7A6-033B-4A3B-96B3-9ACA18AA698C}.Release|Any CPU.ActiveCfg = Release|Any CPU
		{A32CD7A6-033B-4A3B-96B3-9ACA18AA698C}.Release|Any CPU.Build.0 = Release|Any CPU
		{87147206-DE4C-4F2F-AF65-2A126A9B5A4E}.Debug|Any CPU.ActiveCfg = Debug|Any CPU
		{87147206-DE4C-4F2F-AF65-2A126A9B5A4E}.Debug|Any CPU.Build.0 = Debug|Any CPU
		{87147206-DE4C-4F2F-AF65-2A126A9B5A4E}.Release|Any CPU.ActiveCfg = Release|Any CPU
		{87147206-DE4C-4F2F-AF65-2A126A9B5A4E}.Release|Any CPU.Build.0 = Release|Any CPU
		{F3CB63EF-298B-4AB6-B3AB-4E31F9EF5FB2}.Debug|Any CPU.ActiveCfg = Debug|Any CPU
		{F3CB63EF-298B-4AB6-B3AB-4E31F9EF5FB2}.Debug|Any CPU.Build.0 = Debug|Any CPU
		{F3CB63EF-298B-4AB6-B3AB-4E31F9EF5FB2}.Release|Any CPU.ActiveCfg = Release|Any CPU
		{F3CB63EF-298B-4AB6-B3AB-4E31F9EF5FB2}.Release|Any CPU.Build.0 = Release|Any CPU
		{87646E17-6ADA-4E35-A3BC-2F1DABCC96ED}.Debug|Any CPU.ActiveCfg = Debug|Any CPU
		{87646E17-6ADA-4E35-A3BC-2F1DABCC96ED}.Debug|Any CPU.Build.0 = Debug|Any CPU
		{87646E17-6ADA-4E35-A3BC-2F1DABCC96ED}.Release|Any CPU.ActiveCfg = Release|Any CPU
		{87646E17-6ADA-4E35-A3BC-2F1DABCC96ED}.Release|Any CPU.Build.0 = Release|Any CPU
		{6AEFB8B8-2161-4834-9268-C054BC666429}.Debug|Any CPU.ActiveCfg = Debug|Any CPU
		{6AEFB8B8-2161-4834-9268-C054BC666429}.Debug|Any CPU.Build.0 = Debug|Any CPU
		{6AEFB8B8-2161-4834-9268-C054BC666429}.Release|Any CPU.ActiveCfg = Release|Any CPU
		{6AEFB8B8-2161-4834-9268-C054BC666429}.Release|Any CPU.Build.0 = Release|Any CPU
		{C9827A90-4980-49C7-8EB9-6019A452D9F5}.Debug|Any CPU.ActiveCfg = Debug|Any CPU
		{C9827A90-4980-49C7-8EB9-6019A452D9F5}.Debug|Any CPU.Build.0 = Debug|Any CPU
		{C9827A90-4980-49C7-8EB9-6019A452D9F5}.Release|Any CPU.ActiveCfg = Release|Any CPU
		{C9827A90-4980-49C7-8EB9-6019A452D9F5}.Release|Any CPU.Build.0 = Release|Any CPU
		{0279C19D-41C0-41DB-B560-F8C50B21CFAA}.Debug|Any CPU.ActiveCfg = Debug|Any CPU
		{0279C19D-41C0-41DB-B560-F8C50B21CFAA}.Debug|Any CPU.Build.0 = Debug|Any CPU
		{0279C19D-41C0-41DB-B560-F8C50B21CFAA}.Release|Any CPU.ActiveCfg = Release|Any CPU
		{0279C19D-41C0-41DB-B560-F8C50B21CFAA}.Release|Any CPU.Build.0 = Release|Any CPU
		{B1B98EA0-4BB6-42AE-89FA-1C789E3734D3}.Debug|Any CPU.ActiveCfg = Debug|Any CPU
		{B1B98EA0-4BB6-42AE-89FA-1C789E3734D3}.Debug|Any CPU.Build.0 = Debug|Any CPU
		{B1B98EA0-4BB6-42AE-89FA-1C789E3734D3}.Release|Any CPU.ActiveCfg = Release|Any CPU
		{B1B98EA0-4BB6-42AE-89FA-1C789E3734D3}.Release|Any CPU.Build.0 = Release|Any CPU
		{87E3219C-87EC-48F8-83B7-0F44FCC1F403}.Debug|Any CPU.ActiveCfg = Debug|Any CPU
		{87E3219C-87EC-48F8-83B7-0F44FCC1F403}.Debug|Any CPU.Build.0 = Debug|Any CPU
		{87E3219C-87EC-48F8-83B7-0F44FCC1F403}.Release|Any CPU.ActiveCfg = Release|Any CPU
		{87E3219C-87EC-48F8-83B7-0F44FCC1F403}.Release|Any CPU.Build.0 = Release|Any CPU
		{A8EE9266-72F4-4930-9B74-A115115BBD21}.Debug|Any CPU.ActiveCfg = Debug|Any CPU
		{A8EE9266-72F4-4930-9B74-A115115BBD21}.Debug|Any CPU.Build.0 = Debug|Any CPU
		{A8EE9266-72F4-4930-9B74-A115115BBD21}.Release|Any CPU.ActiveCfg = Release|Any CPU
		{A8EE9266-72F4-4930-9B74-A115115BBD21}.Release|Any CPU.Build.0 = Release|Any CPU
		{66C5E312-AE8B-4277-9BC0-B55B864537C1}.Debug|Any CPU.ActiveCfg = Debug|Any CPU
		{66C5E312-AE8B-4277-9BC0-B55B864537C1}.Debug|Any CPU.Build.0 = Debug|Any CPU
		{66C5E312-AE8B-4277-9BC0-B55B864537C1}.Release|Any CPU.ActiveCfg = Release|Any CPU
		{66C5E312-AE8B-4277-9BC0-B55B864537C1}.Release|Any CPU.Build.0 = Release|Any CPU
		{1BE5AF79-D9FD-4901-AFBB-04137899A7E7}.Debug|Any CPU.ActiveCfg = Debug|Any CPU
		{1BE5AF79-D9FD-4901-AFBB-04137899A7E7}.Debug|Any CPU.Build.0 = Debug|Any CPU
		{1BE5AF79-D9FD-4901-AFBB-04137899A7E7}.Release|Any CPU.ActiveCfg = Release|Any CPU
		{1BE5AF79-D9FD-4901-AFBB-04137899A7E7}.Release|Any CPU.Build.0 = Release|Any CPU
	EndGlobalSection
	GlobalSection(NestedProjects) = preSolution
		{B03D1478-686F-4DF2-BACA-CE8F8D32B467} = {CAE9A5D1-F592-483D-BE20-653B39967D5D}
		{EBA45633-B46C-47BB-AA98-6A525329F982} = {CAE9A5D1-F592-483D-BE20-653B39967D5D}
		{6C8E9118-F7AC-4E77-A934-9F675FC341F2} = {CAE9A5D1-F592-483D-BE20-653B39967D5D}
		{A32CD7A6-033B-4A3B-96B3-9ACA18AA698C} = {CAE9A5D1-F592-483D-BE20-653B39967D5D}
		{87147206-DE4C-4F2F-AF65-2A126A9B5A4E} = {1488BA51-37E6-4BAB-8913-68DF3C325781}
		{F3CB63EF-298B-4AB6-B3AB-4E31F9EF5FB2} = {1488BA51-37E6-4BAB-8913-68DF3C325781}
		{87646E17-6ADA-4E35-A3BC-2F1DABCC96ED} = {F0BC149B-2547-42D3-8466-2F505ABBDCE0}
		{6AEFB8B8-2161-4834-9268-C054BC666429} = {F0BC149B-2547-42D3-8466-2F505ABBDCE0}
		{C9827A90-4980-49C7-8EB9-6019A452D9F5} = {F0BC149B-2547-42D3-8466-2F505ABBDCE0}
		{0279C19D-41C0-41DB-B560-F8C50B21CFAA} = {C95EAA6E-912C-48C9-ABF5-71212D90038E}
		{B1B98EA0-4BB6-42AE-89FA-1C789E3734D3} = {C95EAA6E-912C-48C9-ABF5-71212D90038E}
		{87E3219C-87EC-48F8-83B7-0F44FCC1F403} = {C95EAA6E-912C-48C9-ABF5-71212D90038E}
		{A8EE9266-72F4-4930-9B74-A115115BBD21} = {C95EAA6E-912C-48C9-ABF5-71212D90038E}
		{66C5E312-AE8B-4277-9BC0-B55B864537C1} = {5CD96305-E6A6-47E5-B48F-B4B62025B78B}
		{1BE5AF79-D9FD-4901-AFBB-04137899A7E7} = {5CD96305-E6A6-47E5-B48F-B4B62025B78B}
	EndGlobalSection
EndGlobal
