
Microsoft Visual Studio Solution File, Format Version 12.00
# Visual Studio Version 17
VisualStudioVersion = 17.0.31903.59
MinimumVisualStudioVersion = 10.0.40219.1
Project("{2150E333-8FDC-42A3-9474-1A3956D46DE8}") = "FileIt.Module.Services", "FileIt.Module.Services", "{CAE9A5D1-F592-483D-BE20-653B39967D5D}"
EndProject
Project("{FAE04EC0-301F-11D3-BF4B-00C04F79EFBC}") = "FileIt.Module.Services.Host", "FileIt.Module.Services\FileIt.Module.Services.Host\FileIt.Module.Services.Host.csproj", "{B03D1478-686F-4DF2-BACA-CE8F8D32B467}"
EndProject
Project("{FAE04EC0-301F-11D3-BF4B-00C04F79EFBC}") = "FileIt.Module.Services.App", "FileIt.Module.Services\FileIt.Module.Services.App\FileIt.Module.Services.App.csproj", "{EBA45633-B46C-47BB-AA98-6A525329F982}"
EndProject
Project("{FAE04EC0-301F-11D3-BF4B-00C04F79EFBC}") = "FileIt.Module.Services.App.Test", "FileIt.Module.Services\FileIt.Module.Services.App.Test\FileIt.Module.Services.App.Test.csproj", "{6C8E9118-F7AC-4E77-A934-9F675FC341F2}"
EndProject
Project("{FAE04EC0-301F-11D3-BF4B-00C04F79EFBC}") = "FileIt.Module.Services.Integration", "FileIt.Module.Services\FileIt.Module.Services.Integration\FileIt.Module.Services.Integration.csproj", "{A32CD7A6-033B-4A3B-96B3-9ACA18AA698C}"
EndProject
Project("{FAE04EC0-301F-11D3-BF4B-00C04F79EFBC}") = "FileIt.Domain", "FileIt.Domain\FileIt.Domain\FileIt.Domain.csproj", "{87147206-DE4C-4F2F-AF65-2A126A9B5A4E}"
EndProject
Project("{FAE04EC0-301F-11D3-BF4B-00C04F79EFBC}") = "FileIt.Domain.Test", "FileIt.Domain\FileIt.Domain.Test\FileIt.Domain.Test.csproj", "{F3CB63EF-298B-4AB6-B3AB-4E31F9EF5FB2}"
EndProject
Project("{FAE04EC0-301F-11D3-BF4B-00C04F79EFBC}") = "FileIt.Infrastructure", "FileIt.Infrastructure\FileIt.Infrastructure\FileIt.Infrastructure.csproj", "{87646E17-6ADA-4E35-A3BC-2F1DABCC96ED}"
EndProject
Project("{FAE04EC0-301F-11D3-BF4B-00C04F79EFBC}") = "FileIt.Infrastructure.Test", "FileIt.Infrastructure\FileIt.Infrastructure.Test\FileIt.Infrastructure.Test.csproj", "{6AEFB8B8-2161-4834-9268-C054BC666429}"
EndProject
Project("{FAE04EC0-301F-11D3-BF4B-00C04F79EFBC}") = "FileIt.Infrastructure.Integration", "FileIt.Infrastructure\FileIt.Infrastructure.Integration\FileIt.Infrastructure.Integration.csproj", "{C9827A90-4980-49C7-8EB9-6019A452D9F5}"
EndProject
Project("{FAE04EC0-301F-11D3-BF4B-00C04F79EFBC}") = "FileIt.Module.SimpleFlow.Integration", "FileIt.Module.SimpleFlow\FileIt.Module.SimpleFlow.Integration\FileIt.Module.SimpleFlow.Integration.csproj", "{46F62583-1F5C-4843-931D-731DCCFDE939}"
EndProject
Project("{FAE04EC0-301F-11D3-BF4B-00C04F79EFBC}") = "FileIt.Module.SimpleFlow.App", "FileIt.Module.SimpleFlow\FileIt.Module.SimpleFlow.App\FileIt.Module.SimpleFlow.App.csproj", "{ABC8D816-1ACF-4E54-9C90-6D5F1B56D0ED}"
EndProject
Project("{FAE04EC0-301F-11D3-BF4B-00C04F79EFBC}") = "FileIt.Module.SimpleFlow.Test", "FileIt.Module.SimpleFlow\FileIt.Module.SimpleFlow.Test\FileIt.Module.SimpleFlow.Test.csproj", "{952FD470-AF51-4257-8A84-069046C138AF}"
EndProject
Project("{2150E333-8FDC-42A3-9474-1A3956D46DE8}") = "FileIt.Module.SimpleFlow", "FileIt.Module.SimpleFlow", "{0744626F-A673-A558-1C61-6371D7A63BF8}"
EndProject
Project("{FAE04EC0-301F-11D3-BF4B-00C04F79EFBC}") = "FileIt.Module.SimpleFlow.Host", "FileIt.Module.SimpleFlow\FileIt.Module.SimpleFlow.Host\FileIt.Module.SimpleFlow.Host.csproj", "{FBEEDAC3-D991-4213-B810-A6CF216E58FD}"
EndProject
Global
	GlobalSection(SolutionConfigurationPlatforms) = preSolution
		Debug|Any CPU = Debug|Any CPU
		Debug|x64 = Debug|x64
		Debug|x86 = Debug|x86
		Release|Any CPU = Release|Any CPU
		Release|x64 = Release|x64
		Release|x86 = Release|x86
	EndGlobalSection
	GlobalSection(ProjectConfigurationPlatforms) = postSolution
		{B03D1478-686F-4DF2-BACA-CE8F8D32B467}.Debug|Any CPU.ActiveCfg = Debug|Any CPU
		{B03D1478-686F-4DF2-BACA-CE8F8D32B467}.Debug|Any CPU.Build.0 = Debug|Any CPU
		{B03D1478-686F-4DF2-BACA-CE8F8D32B467}.Debug|x64.ActiveCfg = Debug|Any CPU
		{B03D1478-686F-4DF2-BACA-CE8F8D32B467}.Debug|x64.Build.0 = Debug|Any CPU
		{B03D1478-686F-4DF2-BACA-CE8F8D32B467}.Debug|x86.ActiveCfg = Debug|Any CPU
		{B03D1478-686F-4DF2-BACA-CE8F8D32B467}.Debug|x86.Build.0 = Debug|Any CPU
		{B03D1478-686F-4DF2-BACA-CE8F8D32B467}.Release|Any CPU.ActiveCfg = Release|Any CPU
		{B03D1478-686F-4DF2-BACA-CE8F8D32B467}.Release|Any CPU.Build.0 = Release|Any CPU
		{B03D1478-686F-4DF2-BACA-CE8F8D32B467}.Release|x64.ActiveCfg = Release|Any CPU
		{B03D1478-686F-4DF2-BACA-CE8F8D32B467}.Release|x64.Build.0 = Release|Any CPU
		{B03D1478-686F-4DF2-BACA-CE8F8D32B467}.Release|x86.ActiveCfg = Release|Any CPU
		{B03D1478-686F-4DF2-BACA-CE8F8D32B467}.Release|x86.Build.0 = Release|Any CPU
		{EBA45633-B46C-47BB-AA98-6A525329F982}.Debug|Any CPU.ActiveCfg = Debug|Any CPU
		{EBA45633-B46C-47BB-AA98-6A525329F982}.Debug|Any CPU.Build.0 = Debug|Any CPU
		{EBA45633-B46C-47BB-AA98-6A525329F982}.Debug|x64.ActiveCfg = Debug|Any CPU
		{EBA45633-B46C-47BB-AA98-6A525329F982}.Debug|x64.Build.0 = Debug|Any CPU
		{EBA45633-B46C-47BB-AA98-6A525329F982}.Debug|x86.ActiveCfg = Debug|Any CPU
		{EBA45633-B46C-47BB-AA98-6A525329F982}.Debug|x86.Build.0 = Debug|Any CPU
		{EBA45633-B46C-47BB-AA98-6A525329F982}.Release|Any CPU.ActiveCfg = Release|Any CPU
		{EBA45633-B46C-47BB-AA98-6A525329F982}.Release|Any CPU.Build.0 = Release|Any CPU
		{EBA45633-B46C-47BB-AA98-6A525329F982}.Release|x64.ActiveCfg = Release|Any CPU
		{EBA45633-B46C-47BB-AA98-6A525329F982}.Release|x64.Build.0 = Release|Any CPU
		{EBA45633-B46C-47BB-AA98-6A525329F982}.Release|x86.ActiveCfg = Release|Any CPU
		{EBA45633-B46C-47BB-AA98-6A525329F982}.Release|x86.Build.0 = Release|Any CPU
		{6C8E9118-F7AC-4E77-A934-9F675FC341F2}.Debug|Any CPU.ActiveCfg = Debug|Any CPU
		{6C8E9118-F7AC-4E77-A934-9F675FC341F2}.Debug|Any CPU.Build.0 = Debug|Any CPU
		{6C8E9118-F7AC-4E77-A934-9F675FC341F2}.Debug|x64.ActiveCfg = Debug|Any CPU
		{6C8E9118-F7AC-4E77-A934-9F675FC341F2}.Debug|x64.Build.0 = Debug|Any CPU
		{6C8E9118-F7AC-4E77-A934-9F675FC341F2}.Debug|x86.ActiveCfg = Debug|Any CPU
		{6C8E9118-F7AC-4E77-A934-9F675FC341F2}.Debug|x86.Build.0 = Debug|Any CPU
		{6C8E9118-F7AC-4E77-A934-9F675FC341F2}.Release|Any CPU.ActiveCfg = Release|Any CPU
		{6C8E9118-F7AC-4E77-A934-9F675FC341F2}.Release|Any CPU.Build.0 = Release|Any CPU
		{6C8E9118-F7AC-4E77-A934-9F675FC341F2}.Release|x64.ActiveCfg = Release|Any CPU
		{6C8E9118-F7AC-4E77-A934-9F675FC341F2}.Release|x64.Build.0 = Release|Any CPU
		{6C8E9118-F7AC-4E77-A934-9F675FC341F2}.Release|x86.ActiveCfg = Release|Any CPU
		{6C8E9118-F7AC-4E77-A934-9F675FC341F2}.Release|x86.Build.0 = Release|Any CPU
		{A32CD7A6-033B-4A3B-96B3-9ACA18AA698C}.Debug|Any CPU.ActiveCfg = Debug|Any CPU
		{A32CD7A6-033B-4A3B-96B3-9ACA18AA698C}.Debug|Any CPU.Build.0 = Debug|Any CPU
		{A32CD7A6-033B-4A3B-96B3-9ACA18AA698C}.Debug|x64.ActiveCfg = Debug|Any CPU
		{A32CD7A6-033B-4A3B-96B3-9ACA18AA698C}.Debug|x64.Build.0 = Debug|Any CPU
		{A32CD7A6-033B-4A3B-96B3-9ACA18AA698C}.Debug|x86.ActiveCfg = Debug|Any CPU
		{A32CD7A6-033B-4A3B-96B3-9ACA18AA698C}.Debug|x86.Build.0 = Debug|Any CPU
		{A32CD7A6-033B-4A3B-96B3-9ACA18AA698C}.Release|Any CPU.ActiveCfg = Release|Any CPU
		{A32CD7A6-033B-4A3B-96B3-9ACA18AA698C}.Release|Any CPU.Build.0 = Release|Any CPU
		{A32CD7A6-033B-4A3B-96B3-9ACA18AA698C}.Release|x64.ActiveCfg = Release|Any CPU
		{A32CD7A6-033B-4A3B-96B3-9ACA18AA698C}.Release|x64.Build.0 = Release|Any CPU
		{A32CD7A6-033B-4A3B-96B3-9ACA18AA698C}.Release|x86.ActiveCfg = Release|Any CPU
		{A32CD7A6-033B-4A3B-96B3-9ACA18AA698C}.Release|x86.Build.0 = Release|Any CPU
		{87147206-DE4C-4F2F-AF65-2A126A9B5A4E}.Debug|Any CPU.ActiveCfg = Debug|Any CPU
		{87147206-DE4C-4F2F-AF65-2A126A9B5A4E}.Debug|Any CPU.Build.0 = Debug|Any CPU
		{87147206-DE4C-4F2F-AF65-2A126A9B5A4E}.Debug|x64.ActiveCfg = Debug|Any CPU
		{87147206-DE4C-4F2F-AF65-2A126A9B5A4E}.Debug|x64.Build.0 = Debug|Any CPU
		{87147206-DE4C-4F2F-AF65-2A126A9B5A4E}.Debug|x86.ActiveCfg = Debug|Any CPU
		{87147206-DE4C-4F2F-AF65-2A126A9B5A4E}.Debug|x86.Build.0 = Debug|Any CPU
		{87147206-DE4C-4F2F-AF65-2A126A9B5A4E}.Release|Any CPU.ActiveCfg = Release|Any CPU
		{87147206-DE4C-4F2F-AF65-2A126A9B5A4E}.Release|Any CPU.Build.0 = Release|Any CPU
		{87147206-DE4C-4F2F-AF65-2A126A9B5A4E}.Release|x64.ActiveCfg = Release|Any CPU
		{87147206-DE4C-4F2F-AF65-2A126A9B5A4E}.Release|x64.Build.0 = Release|Any CPU
		{87147206-DE4C-4F2F-AF65-2A126A9B5A4E}.Release|x86.ActiveCfg = Release|Any CPU
		{87147206-DE4C-4F2F-AF65-2A126A9B5A4E}.Release|x86.Build.0 = Release|Any CPU
		{F3CB63EF-298B-4AB6-B3AB-4E31F9EF5FB2}.Debug|Any CPU.ActiveCfg = Debug|Any CPU
		{F3CB63EF-298B-4AB6-B3AB-4E31F9EF5FB2}.Debug|Any CPU.Build.0 = Debug|Any CPU
		{F3CB63EF-298B-4AB6-B3AB-4E31F9EF5FB2}.Debug|x64.ActiveCfg = Debug|Any CPU
		{F3CB63EF-298B-4AB6-B3AB-4E31F9EF5FB2}.Debug|x64.Build.0 = Debug|Any CPU
		{F3CB63EF-298B-4AB6-B3AB-4E31F9EF5FB2}.Debug|x86.ActiveCfg = Debug|Any CPU
		{F3CB63EF-298B-4AB6-B3AB-4E31F9EF5FB2}.Debug|x86.Build.0 = Debug|Any CPU
		{F3CB63EF-298B-4AB6-B3AB-4E31F9EF5FB2}.Release|Any CPU.ActiveCfg = Release|Any CPU
		{F3CB63EF-298B-4AB6-B3AB-4E31F9EF5FB2}.Release|Any CPU.Build.0 = Release|Any CPU
		{F3CB63EF-298B-4AB6-B3AB-4E31F9EF5FB2}.Release|x64.ActiveCfg = Release|Any CPU
		{F3CB63EF-298B-4AB6-B3AB-4E31F9EF5FB2}.Release|x64.Build.0 = Release|Any CPU
		{F3CB63EF-298B-4AB6-B3AB-4E31F9EF5FB2}.Release|x86.ActiveCfg = Release|Any CPU
		{F3CB63EF-298B-4AB6-B3AB-4E31F9EF5FB2}.Release|x86.Build.0 = Release|Any CPU
		{87646E17-6ADA-4E35-A3BC-2F1DABCC96ED}.Debug|Any CPU.ActiveCfg = Debug|Any CPU
		{87646E17-6ADA-4E35-A3BC-2F1DABCC96ED}.Debug|Any CPU.Build.0 = Debug|Any CPU
		{87646E17-6ADA-4E35-A3BC-2F1DABCC96ED}.Debug|x64.ActiveCfg = Debug|Any CPU
		{87646E17-6ADA-4E35-A3BC-2F1DABCC96ED}.Debug|x64.Build.0 = Debug|Any CPU
		{87646E17-6ADA-4E35-A3BC-2F1DABCC96ED}.Debug|x86.ActiveCfg = Debug|Any CPU
		{87646E17-6ADA-4E35-A3BC-2F1DABCC96ED}.Debug|x86.Build.0 = Debug|Any CPU
		{87646E17-6ADA-4E35-A3BC-2F1DABCC96ED}.Release|Any CPU.ActiveCfg = Release|Any CPU
		{87646E17-6ADA-4E35-A3BC-2F1DABCC96ED}.Release|Any CPU.Build.0 = Release|Any CPU
		{87646E17-6ADA-4E35-A3BC-2F1DABCC96ED}.Release|x64.ActiveCfg = Release|Any CPU
		{87646E17-6ADA-4E35-A3BC-2F1DABCC96ED}.Release|x64.Build.0 = Release|Any CPU
		{87646E17-6ADA-4E35-A3BC-2F1DABCC96ED}.Release|x86.ActiveCfg = Release|Any CPU
		{87646E17-6ADA-4E35-A3BC-2F1DABCC96ED}.Release|x86.Build.0 = Release|Any CPU
		{6AEFB8B8-2161-4834-9268-C054BC666429}.Debug|Any CPU.ActiveCfg = Debug|Any CPU
		{6AEFB8B8-2161-4834-9268-C054BC666429}.Debug|Any CPU.Build.0 = Debug|Any CPU
		{6AEFB8B8-2161-4834-9268-C054BC666429}.Debug|x64.ActiveCfg = Debug|Any CPU
		{6AEFB8B8-2161-4834-9268-C054BC666429}.Debug|x64.Build.0 = Debug|Any CPU
		{6AEFB8B8-2161-4834-9268-C054BC666429}.Debug|x86.ActiveCfg = Debug|Any CPU
		{6AEFB8B8-2161-4834-9268-C054BC666429}.Debug|x86.Build.0 = Debug|Any CPU
		{6AEFB8B8-2161-4834-9268-C054BC666429}.Release|Any CPU.ActiveCfg = Release|Any CPU
		{6AEFB8B8-2161-4834-9268-C054BC666429}.Release|Any CPU.Build.0 = Release|Any CPU
		{6AEFB8B8-2161-4834-9268-C054BC666429}.Release|x64.ActiveCfg = Release|Any CPU
		{6AEFB8B8-2161-4834-9268-C054BC666429}.Release|x64.Build.0 = Release|Any CPU
		{6AEFB8B8-2161-4834-9268-C054BC666429}.Release|x86.ActiveCfg = Release|Any CPU
		{6AEFB8B8-2161-4834-9268-C054BC666429}.Release|x86.Build.0 = Release|Any CPU
		{C9827A90-4980-49C7-8EB9-6019A452D9F5}.Debug|Any CPU.ActiveCfg = Debug|Any CPU
		{C9827A90-4980-49C7-8EB9-6019A452D9F5}.Debug|Any CPU.Build.0 = Debug|Any CPU
		{C9827A90-4980-49C7-8EB9-6019A452D9F5}.Debug|x64.ActiveCfg = Debug|Any CPU
		{C9827A90-4980-49C7-8EB9-6019A452D9F5}.Debug|x64.Build.0 = Debug|Any CPU
		{C9827A90-4980-49C7-8EB9-6019A452D9F5}.Debug|x86.ActiveCfg = Debug|Any CPU
		{C9827A90-4980-49C7-8EB9-6019A452D9F5}.Debug|x86.Build.0 = Debug|Any CPU
		{C9827A90-4980-49C7-8EB9-6019A452D9F5}.Release|Any CPU.ActiveCfg = Release|Any CPU
		{C9827A90-4980-49C7-8EB9-6019A452D9F5}.Release|Any CPU.Build.0 = Release|Any CPU
		{C9827A90-4980-49C7-8EB9-6019A452D9F5}.Release|x64.ActiveCfg = Release|Any CPU
		{C9827A90-4980-49C7-8EB9-6019A452D9F5}.Release|x64.Build.0 = Release|Any CPU
		{C9827A90-4980-49C7-8EB9-6019A452D9F5}.Release|x86.ActiveCfg = Release|Any CPU
		{C9827A90-4980-49C7-8EB9-6019A452D9F5}.Release|x86.Build.0 = Release|Any CPU
		{66C5E312-AE8B-4277-9BC0-B55B864537C1}.Debug|Any CPU.ActiveCfg = Debug|Any CPU
		{66C5E312-AE8B-4277-9BC0-B55B864537C1}.Debug|Any CPU.Build.0 = Debug|Any CPU
		{66C5E312-AE8B-4277-9BC0-B55B864537C1}.Debug|x64.ActiveCfg = Debug|Any CPU
		{66C5E312-AE8B-4277-9BC0-B55B864537C1}.Debug|x64.Build.0 = Debug|Any CPU
		{66C5E312-AE8B-4277-9BC0-B55B864537C1}.Debug|x86.ActiveCfg = Debug|Any CPU
		{66C5E312-AE8B-4277-9BC0-B55B864537C1}.Debug|x86.Build.0 = Debug|Any CPU
		{66C5E312-AE8B-4277-9BC0-B55B864537C1}.Release|Any CPU.ActiveCfg = Release|Any CPU
		{66C5E312-AE8B-4277-9BC0-B55B864537C1}.Release|Any CPU.Build.0 = Release|Any CPU
		{66C5E312-AE8B-4277-9BC0-B55B864537C1}.Release|x64.ActiveCfg = Release|Any CPU
		{66C5E312-AE8B-4277-9BC0-B55B864537C1}.Release|x64.Build.0 = Release|Any CPU
		{66C5E312-AE8B-4277-9BC0-B55B864537C1}.Release|x86.ActiveCfg = Release|Any CPU
		{66C5E312-AE8B-4277-9BC0-B55B864537C1}.Release|x86.Build.0 = Release|Any CPU
		{1BE5AF79-D9FD-4901-AFBB-04137899A7E7}.Debug|Any CPU.ActiveCfg = Debug|Any CPU
		{1BE5AF79-D9FD-4901-AFBB-04137899A7E7}.Debug|Any CPU.Build.0 = Debug|Any CPU
		{1BE5AF79-D9FD-4901-AFBB-04137899A7E7}.Debug|x64.ActiveCfg = Debug|Any CPU
		{1BE5AF79-D9FD-4901-AFBB-04137899A7E7}.Debug|x64.Build.0 = Debug|Any CPU
		{1BE5AF79-D9FD-4901-AFBB-04137899A7E7}.Debug|x86.ActiveCfg = Debug|Any CPU
		{1BE5AF79-D9FD-4901-AFBB-04137899A7E7}.Debug|x86.Build.0 = Debug|Any CPU
		{1BE5AF79-D9FD-4901-AFBB-04137899A7E7}.Release|Any CPU.ActiveCfg = Release|Any CPU
		{1BE5AF79-D9FD-4901-AFBB-04137899A7E7}.Release|Any CPU.Build.0 = Release|Any CPU
		{1BE5AF79-D9FD-4901-AFBB-04137899A7E7}.Release|x64.ActiveCfg = Release|Any CPU
		{1BE5AF79-D9FD-4901-AFBB-04137899A7E7}.Release|x64.Build.0 = Release|Any CPU
		{1BE5AF79-D9FD-4901-AFBB-04137899A7E7}.Release|x86.ActiveCfg = Release|Any CPU
		{1BE5AF79-D9FD-4901-AFBB-04137899A7E7}.Release|x86.Build.0 = Release|Any CPU
		{46F62583-1F5C-4843-931D-731DCCFDE939}.Debug|Any CPU.ActiveCfg = Debug|Any CPU
		{46F62583-1F5C-4843-931D-731DCCFDE939}.Debug|Any CPU.Build.0 = Debug|Any CPU
		{46F62583-1F5C-4843-931D-731DCCFDE939}.Debug|x64.ActiveCfg = Debug|Any CPU
		{46F62583-1F5C-4843-931D-731DCCFDE939}.Debug|x64.Build.0 = Debug|Any CPU
		{46F62583-1F5C-4843-931D-731DCCFDE939}.Debug|x86.ActiveCfg = Debug|Any CPU
		{46F62583-1F5C-4843-931D-731DCCFDE939}.Debug|x86.Build.0 = Debug|Any CPU
		{46F62583-1F5C-4843-931D-731DCCFDE939}.Release|Any CPU.ActiveCfg = Release|Any CPU
		{46F62583-1F5C-4843-931D-731DCCFDE939}.Release|Any CPU.Build.0 = Release|Any CPU
		{46F62583-1F5C-4843-931D-731DCCFDE939}.Release|x64.ActiveCfg = Release|Any CPU
		{46F62583-1F5C-4843-931D-731DCCFDE939}.Release|x64.Build.0 = Release|Any CPU
		{46F62583-1F5C-4843-931D-731DCCFDE939}.Release|x86.ActiveCfg = Release|Any CPU
		{46F62583-1F5C-4843-931D-731DCCFDE939}.Release|x86.Build.0 = Release|Any CPU
		{ABC8D816-1ACF-4E54-9C90-6D5F1B56D0ED}.Debug|Any CPU.ActiveCfg = Debug|Any CPU
		{ABC8D816-1ACF-4E54-9C90-6D5F1B56D0ED}.Debug|Any CPU.Build.0 = Debug|Any CPU
		{ABC8D816-1ACF-4E54-9C90-6D5F1B56D0ED}.Debug|x64.ActiveCfg = Debug|Any CPU
		{ABC8D816-1ACF-4E54-9C90-6D5F1B56D0ED}.Debug|x64.Build.0 = Debug|Any CPU
		{ABC8D816-1ACF-4E54-9C90-6D5F1B56D0ED}.Debug|x86.ActiveCfg = Debug|Any CPU
		{ABC8D816-1ACF-4E54-9C90-6D5F1B56D0ED}.Debug|x86.Build.0 = Debug|Any CPU
		{ABC8D816-1ACF-4E54-9C90-6D5F1B56D0ED}.Release|Any CPU.ActiveCfg = Release|Any CPU
		{ABC8D816-1ACF-4E54-9C90-6D5F1B56D0ED}.Release|Any CPU.Build.0 = Release|Any CPU
		{ABC8D816-1ACF-4E54-9C90-6D5F1B56D0ED}.Release|x64.ActiveCfg = Release|Any CPU
		{ABC8D816-1ACF-4E54-9C90-6D5F1B56D0ED}.Release|x64.Build.0 = Release|Any CPU
		{ABC8D816-1ACF-4E54-9C90-6D5F1B56D0ED}.Release|x86.ActiveCfg = Release|Any CPU
		{ABC8D816-1ACF-4E54-9C90-6D5F1B56D0ED}.Release|x86.Build.0 = Release|Any CPU
		{952FD470-AF51-4257-8A84-069046C138AF}.Debug|Any CPU.ActiveCfg = Debug|Any CPU
		{952FD470-AF51-4257-8A84-069046C138AF}.Debug|Any CPU.Build.0 = Debug|Any CPU
		{952FD470-AF51-4257-8A84-069046C138AF}.Debug|x64.ActiveCfg = Debug|Any CPU
		{952FD470-AF51-4257-8A84-069046C138AF}.Debug|x64.Build.0 = Debug|Any CPU
		{952FD470-AF51-4257-8A84-069046C138AF}.Debug|x86.ActiveCfg = Debug|Any CPU
		{952FD470-AF51-4257-8A84-069046C138AF}.Debug|x86.Build.0 = Debug|Any CPU
		{952FD470-AF51-4257-8A84-069046C138AF}.Release|Any CPU.ActiveCfg = Release|Any CPU
		{952FD470-AF51-4257-8A84-069046C138AF}.Release|Any CPU.Build.0 = Release|Any CPU
		{952FD470-AF51-4257-8A84-069046C138AF}.Release|x64.ActiveCfg = Release|Any CPU
		{952FD470-AF51-4257-8A84-069046C138AF}.Release|x64.Build.0 = Release|Any CPU
		{952FD470-AF51-4257-8A84-069046C138AF}.Release|x86.ActiveCfg = Release|Any CPU
		{952FD470-AF51-4257-8A84-069046C138AF}.Release|x86.Build.0 = Release|Any CPU
		{FBEEDAC3-D991-4213-B810-A6CF216E58FD}.Debug|Any CPU.ActiveCfg = Debug|Any CPU
		{FBEEDAC3-D991-4213-B810-A6CF216E58FD}.Debug|Any CPU.Build.0 = Debug|Any CPU
		{FBEEDAC3-D991-4213-B810-A6CF216E58FD}.Debug|x64.ActiveCfg = Debug|Any CPU
		{FBEEDAC3-D991-4213-B810-A6CF216E58FD}.Debug|x64.Build.0 = Debug|Any CPU
		{FBEEDAC3-D991-4213-B810-A6CF216E58FD}.Debug|x86.ActiveCfg = Debug|Any CPU
		{FBEEDAC3-D991-4213-B810-A6CF216E58FD}.Debug|x86.Build.0 = Debug|Any CPU
		{FBEEDAC3-D991-4213-B810-A6CF216E58FD}.Release|Any CPU.ActiveCfg = Release|Any CPU
		{FBEEDAC3-D991-4213-B810-A6CF216E58FD}.Release|Any CPU.Build.0 = Release|Any CPU
		{FBEEDAC3-D991-4213-B810-A6CF216E58FD}.Release|x64.ActiveCfg = Release|Any CPU
		{FBEEDAC3-D991-4213-B810-A6CF216E58FD}.Release|x64.Build.0 = Release|Any CPU
		{FBEEDAC3-D991-4213-B810-A6CF216E58FD}.Release|x86.ActiveCfg = Release|Any CPU
		{FBEEDAC3-D991-4213-B810-A6CF216E58FD}.Release|x86.Build.0 = Release|Any CPU
	EndGlobalSection
	GlobalSection(SolutionProperties) = preSolution
		HideSolutionNode = FALSE
	EndGlobalSection
	GlobalSection(NestedProjects) = preSolution
		{B03D1478-686F-4DF2-BACA-CE8F8D32B467} = {CAE9A5D1-F592-483D-BE20-653B39967D5D}
		{EBA45633-B46C-47BB-AA98-6A525329F982} = {CAE9A5D1-F592-483D-BE20-653B39967D5D}
		{6C8E9118-F7AC-4E77-A934-9F675FC341F2} = {CAE9A5D1-F592-483D-BE20-653B39967D5D}
		{A32CD7A6-033B-4A3B-96B3-9ACA18AA698C} = {CAE9A5D1-F592-483D-BE20-653B39967D5D}

		{FBEEDAC3-D991-4213-B810-A6CF216E58FD} = {0744626F-A673-A558-1C61-6371D7A63BF8}
	EndGlobalSection
EndGlobal
