
Microsoft Visual Studio Solution File, Format Version 12.00
# Visual Studio Version 17
VisualStudioVersion = 17.0.31903.59
MinimumVisualStudioVersion = 10.0.40219.1
Project("{FAE04EC0-301F-11D3-BF4B-00C04F79EFBC}") = "FileIt_SimpleProvider", "FileIt.SimpleProvider\FileIt_SimpleProvider.csproj", "{CBE8000D-134B-43A0-B44C-9446ECC82891}"
EndProject
Project("{FAE04EC0-301F-11D3-BF4B-00C04F79EFBC}") = "FileIt.SimpleProvider.App", "FileIt.SimpleProvider.App\FileIt.SimpleProvider.App.csproj", "{9C0E9769-55CE-491D-853F-02734A841BC9}"
EndProject
Project("{FAE04EC0-301F-11D3-BF4B-00C04F79EFBC}") = "FileIt.SimpleProvider.Test", "FileIt.SimpleProvider.Test\FileIt.SimpleProvider.Test.csproj", "{C15687B1-E1EE-4180-BDFE-B8EFD3587DF1}"
EndProject
Project("{FAE04EC0-301F-11D3-BF4B-00C04F79EFBC}") = "FileIt.SimpleProvider.Integration", "FileIt.SimpleProvider.Integration\FileIt.SimpleProvider.Integration.csproj", "{C3088AF6-3B00-4481-92C6-9ED3B71B421C}"
EndProject
Global
	GlobalSection(SolutionConfigurationPlatforms) = preSolution
		Debug|Any CPU = Debug|Any CPU
		Release|Any CPU = Release|Any CPU
	EndGlobalSection
	GlobalSection(SolutionProperties) = preSolution
		HideSolutionNode = FALSE
	EndGlobalSection
	GlobalSection(ProjectConfigurationPlatforms) = postSolution
		{CBE8000D-134B-43A0-B44C-9446ECC82891}.Debug|Any CPU.ActiveCfg = Debug|Any CPU
		{CBE8000D-134B-43A0-B44C-9446ECC82891}.Debug|Any CPU.Build.0 = Debug|Any CPU
		{CBE8000D-134B-43A0-B44C-9446ECC82891}.Release|Any CPU.ActiveCfg = Release|Any CPU
		{CBE8000D-134B-43A0-B44C-9446ECC82891}.Release|Any CPU.Build.0 = Release|Any CPU
		{9C0E9769-55CE-491D-853F-02734A841BC9}.Debug|Any CPU.ActiveCfg = Debug|Any CPU
		{9C0E9769-55CE-491D-853F-02734A841BC9}.Debug|Any CPU.Build.0 = Debug|Any CPU
		{9C0E9769-55CE-491D-853F-02734A841BC9}.Release|Any CPU.ActiveCfg = Release|Any CPU
		{9C0E9769-55CE-491D-853F-02734A841BC9}.Release|Any CPU.Build.0 = Release|Any CPU
		{C15687B1-E1EE-4180-BDFE-B8EFD3587DF1}.Debug|Any CPU.ActiveCfg = Debug|Any CPU
		{C15687B1-E1EE-4180-BDFE-B8EFD3587DF1}.Debug|Any CPU.Build.0 = Debug|Any CPU
		{C15687B1-E1EE-4180-BDFE-B8EFD3587DF1}.Release|Any CPU.ActiveCfg = Release|Any CPU
		{C15687B1-E1EE-4180-BDFE-B8EFD3587DF1}.Release|Any CPU.Build.0 = Release|Any CPU
		{C3088AF6-3B00-4481-92C6-9ED3B71B421C}.Debug|Any CPU.ActiveCfg = Debug|Any CPU
		{C3088AF6-3B00-4481-92C6-9ED3B71B421C}.Debug|Any CPU.Build.0 = Debug|Any CPU
		{C3088AF6-3B00-4481-92C6-9ED3B71B421C}.Release|Any CPU.ActiveCfg = Release|Any CPU
		{C3088AF6-3B00-4481-92C6-9ED3B71B421C}.Release|Any CPU.Build.0 = Release|Any CPU
	EndGlobalSection
EndGlobal
