
Microsoft Visual Studio Solution File, Format Version 12.00
# Visual Studio Version 17
VisualStudioVersion = 17.0.31903.59
MinimumVisualStudioVersion = 10.0.40219.1
Project("{FAE04EC0-301F-11D3-BF4B-00C04F79EFBC}") = "FileIt.Common", "FileIt.Common\FileIt.Common.csproj", "{52E0211E-926A-44FF-91BA-150C41843DCD}"
EndProject
Project("{FAE04EC0-301F-11D3-BF4B-00C04F79EFBC}") = "FileIt.Common.Test", "FileIt.Common.Test\FileIt.Common.Test.csproj", "{723F0BB2-3212-4222-B883-CBBBFF35030D}"
EndProject
Project("{FAE04EC0-301F-11D3-BF4B-00C04F79EFBC}") = "FileIt.Common.Integration", "FileIt.Common.Integration\FileIt.Common.Integration.csproj", "{C71602C2-9FBE-4BEF-9C4E-E733065066A6}"
EndProject
Global
	GlobalSection(SolutionConfigurationPlatforms) = preSolution
		Debug|Any CPU = Debug|Any CPU
		Release|Any CPU = Release|Any CPU
	EndGlobalSection
	GlobalSection(SolutionProperties) = preSolution
		HideSolutionNode = FALSE
	EndGlobalSection
	GlobalSection(ProjectConfigurationPlatforms) = postSolution
		{52E0211E-926A-44FF-91BA-150C41843DCD}.Debug|Any CPU.ActiveCfg = Debug|Any CPU
		{52E0211E-926A-44FF-91BA-150C41843DCD}.Debug|Any CPU.Build.0 = Debug|Any CPU
		{52E0211E-926A-44FF-91BA-150C41843DCD}.Release|Any CPU.ActiveCfg = Release|Any CPU
		{52E0211E-926A-44FF-91BA-150C41843DCD}.Release|Any CPU.Build.0 = Release|Any CPU
		{723F0BB2-3212-4222-B883-CBBBFF35030D}.Debug|Any CPU.ActiveCfg = Debug|Any CPU
		{723F0BB2-3212-4222-B883-CBBBFF35030D}.Debug|Any CPU.Build.0 = Debug|Any CPU
		{723F0BB2-3212-4222-B883-CBBBFF35030D}.Release|Any CPU.ActiveCfg = Release|Any CPU
		{723F0BB2-3212-4222-B883-CBBBFF35030D}.Release|Any CPU.Build.0 = Release|Any CPU
		{C71602C2-9FBE-4BEF-9C4E-E733065066A6}.Debug|Any CPU.ActiveCfg = Debug|Any CPU
		{C71602C2-9FBE-4BEF-9C4E-E733065066A6}.Debug|Any CPU.Build.0 = Debug|Any CPU
		{C71602C2-9FBE-4BEF-9C4E-E733065066A6}.Release|Any CPU.ActiveCfg = Release|Any CPU
		{C71602C2-9FBE-4BEF-9C4E-E733065066A6}.Release|Any CPU.Build.0 = Release|Any CPU
	EndGlobalSection
EndGlobal
